
Microsoft Visual Studio Solution File, Format Version 12.00
# Visual Studio 15
VisualStudioVersion = 15.0.26124.0
MinimumVisualStudioVersion = 15.0.26124.0
Project("{2150E333-8FDC-42A3-9474-1A3956D46DE8}") = "src", "src", "{0456353A-2640-4F30-9A37-55F03142EEED}"
EndProject
Project("{FAE04EC0-301F-11D3-BF4B-00C04F79EFBC}") = "FiltrDinamico.Core", "src\FiltrDinamico.Core\FiltrDinamico.Core.csproj", "{1C5437B7-AE57-486A-B6F2-BD62AD3EDC36}"
EndProject
Project("{FAE04EC0-301F-11D3-BF4B-00C04F79EFBC}") = "FiltrDinamico.WebApp", "src\FiltrDinamico.WebApp\FiltrDinamico.WebApp.csproj", "{BEA21252-7639-4E33-BAB6-E2870A39EF43}"
EndProject
Global
	GlobalSection(SolutionConfigurationPlatforms) = preSolution
		Debug|Any CPU = Debug|Any CPU
		Debug|x64 = Debug|x64
		Debug|x86 = Debug|x86
		Release|Any CPU = Release|Any CPU
		Release|x64 = Release|x64
		Release|x86 = Release|x86
	EndGlobalSection
	GlobalSection(SolutionProperties) = preSolution
		HideSolutionNode = FALSE
	EndGlobalSection
	GlobalSection(ProjectConfigurationPlatforms) = postSolution
		{1C5437B7-AE57-486A-B6F2-BD62AD3EDC36}.Debug|Any CPU.ActiveCfg = Debug|Any CPU
		{1C5437B7-AE57-486A-B6F2-BD62AD3EDC36}.Debug|Any CPU.Build.0 = Debug|Any CPU
		{1C5437B7-AE57-486A-B6F2-BD62AD3EDC36}.Debug|x64.ActiveCfg = Debug|Any CPU
		{1C5437B7-AE57-486A-B6F2-BD62AD3EDC36}.Debug|x64.Build.0 = Debug|Any CPU
		{1C5437B7-AE57-486A-B6F2-BD62AD3EDC36}.Debug|x86.ActiveCfg = Debug|Any CPU
		{1C5437B7-AE57-486A-B6F2-BD62AD3EDC36}.Debug|x86.Build.0 = Debug|Any CPU
		{1C5437B7-AE57-486A-B6F2-BD62AD3EDC36}.Release|Any CPU.ActiveCfg = Release|Any CPU
		{1C5437B7-AE57-486A-B6F2-BD62AD3EDC36}.Release|Any CPU.Build.0 = Release|Any CPU
		{1C5437B7-AE57-486A-B6F2-BD62AD3EDC36}.Release|x64.ActiveCfg = Release|Any CPU
		{1C5437B7-AE57-486A-B6F2-BD62AD3EDC36}.Release|x64.Build.0 = Release|Any CPU
		{1C5437B7-AE57-486A-B6F2-BD62AD3EDC36}.Release|x86.ActiveCfg = Release|Any CPU
		{1C5437B7-AE57-486A-B6F2-BD62AD3EDC36}.Release|x86.Build.0 = Release|Any CPU
		{BEA21252-7639-4E33-BAB6-E2870A39EF43}.Debug|Any CPU.ActiveCfg = Debug|Any CPU
		{BEA21252-7639-4E33-BAB6-E2870A39EF43}.Debug|Any CPU.Build.0 = Debug|Any CPU
		{BEA21252-7639-4E33-BAB6-E2870A39EF43}.Debug|x64.ActiveCfg = Debug|Any CPU
		{BEA21252-7639-4E33-BAB6-E2870A39EF43}.Debug|x64.Build.0 = Debug|Any CPU
		{BEA21252-7639-4E33-BAB6-E2870A39EF43}.Debug|x86.ActiveCfg = Debug|Any CPU
		{BEA21252-7639-4E33-BAB6-E2870A39EF43}.Debug|x86.Build.0 = Debug|Any CPU
		{BEA21252-7639-4E33-BAB6-E2870A39EF43}.Release|Any CPU.ActiveCfg = Release|Any CPU
		{BEA21252-7639-4E33-BAB6-E2870A39EF43}.Release|Any CPU.Build.0 = Release|Any CPU
		{BEA21252-7639-4E33-BAB6-E2870A39EF43}.Release|x64.ActiveCfg = Release|Any CPU
		{BEA21252-7639-4E33-BAB6-E2870A39EF43}.Release|x64.Build.0 = Release|Any CPU
		{BEA21252-7639-4E33-BAB6-E2870A39EF43}.Release|x86.ActiveCfg = Release|Any CPU
		{BEA21252-7639-4E33-BAB6-E2870A39EF43}.Release|x86.Build.0 = Release|Any CPU
	EndGlobalSection
	GlobalSection(NestedProjects) = preSolution
		{1C5437B7-AE57-486A-B6F2-BD62AD3EDC36} = {0456353A-2640-4F30-9A37-55F03142EEED}
		{BEA21252-7639-4E33-BAB6-E2870A39EF43} = {0456353A-2640-4F30-9A37-55F03142EEED}
	EndGlobalSection
EndGlobal
